
Microsoft Visual Studio Solution File, Format Version 12.00
# Visual Studio Version 17
VisualStudioVersion = 17.10.35027.167
MinimumVisualStudioVersion = 10.0.40219.1
Project("{FAE04EC0-301F-11D3-BF4B-00C04F79EFBC}") = "ArrowLog", "src/ArrowLog.csproj", "{450610D5-9ECA-43B0-935B-18BA9C2CC966}"
EndProject
Global
	GlobalSection(SolutionConfigurationPlatforms) = preSolution
		Debug|Any CPU = Debug|Any CPU
		Release|Any CPU = Release|Any CPU
	EndGlobalSection
	GlobalSection(ProjectConfigurationPlatforms) = postSolution
		{450610D5-9ECA-43B0-935B-18BA9C2CC966}.Debug|Any CPU.ActiveCfg = Debug|Any CPU
		{450610D5-9ECA-43B0-935B-18BA9C2CC966}.Debug|Any CPU.Build.0 = Debug|Any CPU
		{450610D5-9ECA-43B0-935B-18BA9C2CC966}.Release|Any CPU.ActiveCfg = Release|Any CPU
		{450610D5-9ECA-43B0-935B-18BA9C2CC966}.Release|Any CPU.Build.0 = Release|Any CPU
	EndGlobalSection
	GlobalSection(SolutionProperties) = preSolution
		HideSolutionNode = FALSE
	EndGlobalSection
	GlobalSection(ExtensibilityGlobals) = postSolution
		SolutionGuid = {150CAA36-3904-49E4-81C4-FB6D0079BEA4}
	EndGlobalSection
EndGlobal
